1657521272 com.microfocus.example:iwa:jar:1.0-SNAPSHOT
1829651877 org.springframework.boot:spring-boot-starter-web:jar:2.1.8.RELEASE:compile
2121744549 org.springframework.boot:spring-boot-starter-json:jar:2.1.8.RELEASE:compile
627815870 org.hibernate.validator:hibernate-validator:jar:6.0.17.Final:compile
1609501721 javax.validation:validation-api:jar:2.0.1.Final:compile
778925754 org.jboss.logging:jboss-logging:jar:3.3.3.Final:compile
581359452 com.fasterxml:classmate:jar:1.4.0:compile
1519927539 org.springframework:spring-web:jar:5.1.9.RELEASE:compile
2100297853 org.springframework:spring-beans:jar:5.1.9.RELEASE:compile
942502343 org.springframework:spring-webmvc:jar:5.1.9.RELEASE:compile
749030825 org.springframework:spring-context:jar:5.1.9.RELEASE:compile
883035926 org.springframework:spring-expression:jar:5.1.9.RELEASE:compile
1231864343 org.springframework.boot:spring-boot-starter:jar:2.1.8.RELEASE:compile
438051252 org.springframework.boot:spring-boot:jar:2.1.8.RELEASE:compile
483589979 org.springframework.boot:spring-boot-autoconfigure:jar:2.1.8.RELEASE:compile
950831464 javax.annotation:javax.annotation-api:jar:1.3.2:compile
402622480 org.springframework:spring-core:jar:5.1.9.RELEASE:compile
1821711066 org.springframework:spring-jcl:jar:5.1.9.RELEASE:compile
1739986996 org.yaml:snakeyaml:jar:1.23:compile
990722659 org.springframework.boot:spring-boot-starter-thymeleaf:jar:2.1.8.RELEASE:compile
1348045338 org.thymeleaf:thymeleaf-spring5:jar:3.0.11.RELEASE:compile
350099713 org.thymeleaf.extras:thymeleaf-extras-java8time:jar:3.0.4.RELEASE:compile
1132385302 org.springframework.boot:spring-boot-starter-security:jar:2.1.8.RELEASE:compile
301084728 org.springframework:spring-aop:jar:5.1.9.RELEASE:compile
233271622 org.springframework.security:spring-security-config:jar:5.1.6.RELEASE:compile
1763010538 org.springframework.security:spring-security-web:jar:5.1.6.RELEASE:compile
1560203450 org.thymeleaf.extras:thymeleaf-extras-springsecurity5:jar:3.0.4.RELEASE:compile
1552767213 org.slf4j:slf4j-api:jar:1.7.28:compile
1784053627 org.springframework.boot:spring-boot-starter-data-jpa:jar:2.1.8.RELEASE:compile
683573228 org.springframework.boot:spring-boot-starter-aop:jar:2.1.8.RELEASE:compile
40829249 org.aspectj:aspectjweaver:jar:1.9.4:compile
873688017 org.springframework.boot:spring-boot-starter-jdbc:jar:2.1.8.RELEASE:compile
1843885967 com.zaxxer:HikariCP:jar:3.2.0:compile
914175168 org.springframework:spring-jdbc:jar:5.1.9.RELEASE:compile
1289903687 javax.transaction:javax.transaction-api:jar:1.3:compile
1669392873 javax.xml.bind:jaxb-api:jar:2.3.1:compile
890085657 javax.activation:javax.activation-api:jar:1.2.0:compile
1778993228 org.hibernate:hibernate-core:jar:5.3.11.Final:compile
885465900 javax.persistence:javax.persistence-api:jar:2.2:compile
1357663228 org.javassist:javassist:jar:3.23.2-GA:compile
145833361 net.bytebuddy:byte-buddy:jar:1.9.16:compile
677007331 antlr:antlr:jar:2.7.7:compile
629790599 org.jboss:jandex:jar:2.0.5.Final:compile
394840929 org.dom4j:dom4j:jar:2.1.1:compile
383005108 org.hibernate.common:hibernate-commons-annotations:jar:5.0.4.Final:compile
1812681178 org.springframework.data:spring-data-jpa:jar:2.1.10.RELEASE:compile
123045427 org.springframework.data:spring-data-commons:jar:2.1.10.RELEASE:compile
1448580731 org.springframework:spring-orm:jar:5.1.9.RELEASE:compile
1631143060 org.springframework:spring-tx:jar:5.1.9.RELEASE:compile
1468685544 org.springframework:spring-aspects:jar:5.1.9.RELEASE:compile
2084912180 nz.net.ultraq.thymeleaf:thymeleaf-layout-dialect:jar:2.3.0:compile
382441865 nz.net.ultraq.thymeleaf:thymeleaf-expression-processor:jar:1.1.3:compile
1040015904 org.thymeleaf:thymeleaf:jar:3.0.11.RELEASE:compile
940905579 ognl:ognl:jar:3.1.12:compile
1843674049 org.attoparser:attoparser:jar:2.0.5.RELEASE:compile
665448485 org.unbescape:unbescape:jar:1.1.6.RELEASE:compile
1905486482 org.springframework.boot:spring-boot-starter-tomcat:jar:2.1.8.RELEASE:compile
1630903943 org.apache.tomcat.embed:tomcat-embed-core:jar:9.0.24:compile
767794003 org.apache.tomcat.embed:tomcat-embed-el:jar:9.0.24:compile
1157856790 org.apache.tomcat.embed:tomcat-embed-websocket:jar:9.0.24:compile
791563230 org.springframework.boot:spring-boot-starter-actuator:jar:2.1.8.RELEASE:compile
1646410010 org.springframework.boot:spring-boot-actuator-autoconfigure:jar:2.1.8.RELEASE:compile
1401564942 org.springframework.boot:spring-boot-actuator:jar:2.1.8.RELEASE:compile
220661927 io.micrometer:micrometer-core:jar:1.1.6:compile
1351275110 org.hdrhistogram:HdrHistogram:jar:2.1.9:compile
588503940 org.latencyutils:LatencyUtils:jar:2.0.3:compile
560165559 org.springframework.boot:spring-boot-starter-log4j2:jar:2.1.8.RELEASE:compile
347354124 org.apache.logging.log4j:log4j-slf4j-impl:jar:2.11.2:compile
313249054 org.apache.logging.log4j:log4j-api:jar:2.11.2:compile
802814772 org.apache.logging.log4j:log4j-core:jar:2.11.2:compile
362140338 org.apache.logging.log4j:log4j-jul:jar:2.11.2:compile
540315736 org.slf4j:jul-to-slf4j:jar:1.7.28:compile
1824225917 com.h2database:h2:jar:1.4.197:compile
215694469 org.passay:passay:jar:1.5.0:compile
929066990 org.webjars:bootstrap:jar:4.5.3:compile
869437194 org.webjars:popper.js:jar:1.16.0:compile
76379039 org.webjars:jquery:jar:3.5.1:compile
1374115999 org.webjars:font-awesome:jar:5.15.2:compile
1707889234 org.webjars:chartjs:jar:2.9.4:compile
1119955774 org.webjars.npm:axios:jar:0.21.1:compile
767535474 org.webjars.npm:follow-redirects:jar:1.16.0:compile (version selected from constraint [1.10.0,2))
1190608890 org.springdoc:springdoc-openapi-ui:jar:1.4.3:compile
1101970356 org.springdoc:springdoc-openapi-webmvc-core:jar:1.4.3:compile
184410212 org.webjars:swagger-ui:jar:3.28.0:compile
1515793520 org.webjars:webjars-locator-core:jar:0.35:compile
623820846 org.apache.commons:commons-compress:jar:1.9:compile
300526628 org.springdoc:springdoc-openapi-security:jar:1.4.3:compile
1962049725 org.springdoc:springdoc-openapi-common:jar:1.4.3:compile
1734023423 io.swagger.core.v3:swagger-models:jar:2.1.3:compile
875010954 io.swagger.core.v3:swagger-annotations:jar:2.1.3:compile
1752402342 io.swagger.core.v3:swagger-integration:jar:2.1.3:compile
140778365 io.swagger.core.v3:swagger-core:jar:2.1.3:compile
935818862 jakarta.xml.bind:jakarta.xml.bind-api:jar:2.3.2:compile
1068781783 com.fasterxml.jackson.dataformat:jackson-dataformat-yaml:jar:2.13.0:compile
1266602046 jakarta.validation:jakarta.validation-api:jar:2.0.2:compile
1667859935 io.github.classgraph:classgraph:jar:4.8.69:compile
1871838170 org.springframework.security:spring-security-core:jar:5.1.6.RELEASE:compile
1916681239 com.fasterxml.jackson.core:jackson-annotations:jar:2.13.0:compile
1341975886 com.fasterxml.jackson.module:jackson-module-parameter-names:jar:2.13.0:compile
1620368915 com.fasterxml.jackson.core:jackson-core:jar:2.13.0:compile
12302064 com.fasterxml.jackson.core:jackson-databind:jar:2.13.0:compile
65465460 com.fasterxml.jackson.datatype:jackson-datatype-jdk8:jar:2.13.0:compile
735639515 com.fasterxml.jackson.datatype:jackson-datatype-jsr310:jar:2.13.0:compile
1836765429 com.vonage:client:jar:6.1.0:compile
816576412 commons-codec:commons-codec:jar:1.11:compile
77215921 commons-logging:commons-logging:jar:1.2:runtime
1745904086 org.apache.httpcomponents:httpclient:jar:4.5.9:compile
1406593369 commons-io:commons-io:jar:2.5:compile
1018094504 org.apache.commons:commons-lang3:jar:3.8.1:compile
1772358460 io.openapitools.jackson.dataformat:jackson-dataformat-hal:jar:1.0.4:runtime
38914319 com.fasterxml.jackson.jaxrs:jackson-jaxrs-json-provider:jar:2.13.0:runtime
1713988669 com.fasterxml.jackson.jaxrs:jackson-jaxrs-base:jar:2.13.0:runtime
768702707 com.fasterxml.jackson.module:jackson-module-jaxb-annotations:jar:2.13.0:runtime
1684368286 jakarta.activation:jakarta.activation-api:jar:1.2.1:compile
1752223660 com.nexmo:jwt:jar:1.0.1:runtime
1163216403 org.jetbrains.kotlin:kotlin-stdlib-jdk8:jar:1.2.71:runtime
1675999402 org.jetbrains.kotlin:kotlin-stdlib:jar:1.2.71:runtime
747833043 org.jetbrains.kotlin:kotlin-stdlib-common:jar:1.2.71:runtime
1114681666 org.jetbrains:annotations:jar:13.0:runtime
771359425 org.jetbrains.kotlin:kotlin-stdlib-jdk7:jar:1.2.71:runtime
1662312252 io.jsonwebtoken:jjwt-api:jar:0.10.5:runtime
1468393491 io.jsonwebtoken:jjwt-impl:jar:0.10.5:runtime
280541440 io.jsonwebtoken:jjwt-jackson:jar:0.10.5:runtime
1831423452 org.codehaus.groovy:groovy:jar:3.0.8:compile
671187578 org.springframework.boot:spring-boot-starter-test:jar:2.1.8.RELEASE:test
1354510873 org.springframework.boot:spring-boot-test:jar:2.1.8.RELEASE:test
93974967 org.springframework.boot:spring-boot-test-autoconfigure:jar:2.1.8.RELEASE:test
578362229 com.jayway.jsonpath:json-path:jar:2.4.0:test
105860882 net.minidev:json-smart:jar:2.3:test
936544568 net.minidev:accessors-smart:jar:1.2:test
2097992252 org.ow2.asm:asm:jar:5.0.4:test
398777435 org.assertj:assertj-core:jar:3.11.1:test
1796154990 org.mockito:mockito-core:jar:2.23.4:test
1211627902 net.bytebuddy:byte-buddy-agent:jar:1.9.16:test
1395740534 org.objenesis:objenesis:jar:2.6:test
1655072591 org.hamcrest:hamcrest-core:jar:1.3:test
1887965475 org.hamcrest:hamcrest-library:jar:1.3:test
117701189 org.skyscreamer:jsonassert:jar:1.5.0:test
1586519852 org.springframework:spring-test:jar:5.1.9.RELEASE:test
266196910 org.xmlunit:xmlunit-core:jar:2.6.3:test
1064095359 io.jsonwebtoken:jjwt:jar:0.9.1:compile
656787973 junit:junit:jar:4.12:test
2073069810 org.apache.maven.wagon:wagon-http:jar:3.4.1:compile
445726857 org.apache.maven.wagon:wagon-http-shared:jar:3.4.1:compile
1138190994 org.jsoup:jsoup:jar:1.12.1:compile
1244394767 org.apache.httpcomponents:httpcore:jar:4.4.12:compile
889398176 org.slf4j:jcl-over-slf4j:jar:1.7.28:runtime
621197441 org.codehaus.plexus:plexus-utils:jar:3.3.0:compile
1568527689 org.apache.maven.wagon:wagon-provider-api:jar:3.4.1:compile
1215025252 com.github.cliftonlabs:json-simple:jar:2.3.1:compile
1683617002 org.seleniumhq.selenium:selenium-java:jar:4.0.0-rc-2:compile
1946917456 org.seleniumhq.selenium:selenium-api:jar:4.0.0-rc-2:compile
1198513669 org.seleniumhq.selenium:selenium-chrome-driver:jar:4.0.0-rc-2:compile
1360125564 com.google.auto.service:auto-service-annotations:jar:1.0:compile
2059701776 com.google.auto.service:auto-service:jar:1.0:compile
1379222018 com.google.auto:auto-common:jar:1.0:compile
1796415927 com.google.guava:guava:jar:30.1.1-jre:compile
875487383 com.google.guava:failureaccess:jar:1.0.1:compile
1791253516 com.google.guava:listenablefuture:jar:9999.0-empty-to-avoid-conflict-with-guava:compile
303638020 com.google.code.findbugs:jsr305:jar:3.0.2:compile
1618326377 org.checkerframework:checker-qual:jar:3.8.0:compile
589094312 com.google.errorprone:error_prone_annotations:jar:2.5.1:compile
1802555899 com.google.j2objc:j2objc-annotations:jar:1.3:compile
805495703 org.seleniumhq.selenium:selenium-chromium-driver:jar:4.0.0-rc-2:compile
2107760645 org.seleniumhq.selenium:selenium-json:jar:4.0.0-rc-2:compile
940938116 org.seleniumhq.selenium:selenium-devtools-v85:jar:4.0.0-rc-2:compile
1434940020 org.seleniumhq.selenium:selenium-devtools-v93:jar:4.0.0-rc-2:compile
1916677384 org.seleniumhq.selenium:selenium-devtools-v94:jar:4.0.0-rc-2:compile
7162498 org.seleniumhq.selenium:selenium-edge-driver:jar:4.0.0-rc-2:compile
351297720 org.seleniumhq.selenium:selenium-firefox-driver:jar:4.0.0-rc-2:compile
2047521920 org.seleniumhq.selenium:selenium-firefox-xpi-driver:jar:4.0.0-rc-2:compile
2044690596 org.seleniumhq.selenium:selenium-ie-driver:jar:4.0.0-rc-2:compile
319618119 org.seleniumhq.selenium:selenium-opera-driver:jar:4.0.0-rc-2:compile
82750270 org.seleniumhq.selenium:selenium-remote-driver:jar:4.0.0-rc-2:compile
728740247 com.beust:jcommander:jar:1.81:compile
783339262 io.netty:netty-buffer:jar:4.1.39.Final:compile
1512759723 io.netty:netty-codec-http:jar:4.1.39.Final:compile
736888459 io.netty:netty-codec:jar:4.1.39.Final:compile
2103044456 io.netty:netty-handler:jar:4.1.39.Final:compile
1429610243 io.netty:netty-common:jar:4.1.39.Final:compile
1478269879 io.netty:netty-transport-native-epoll:jar:4.1.39.Final:compile
328140385 io.netty:netty-transport-native-kqueue:jar:4.1.39.Final:compile
556773329 io.netty:netty-transport-native-unix-common:jar:4.1.39.Final:compile
1149526768 io.netty:netty-transport:jar:4.1.39.Final:compile
2021230836 io.netty:netty-resolver:jar:4.1.39.Final:compile
321795476 io.opentelemetry:opentelemetry-api:jar:1.5.0:compile
1327714567 io.opentelemetry:opentelemetry-context:jar:1.5.0:compile
685193713 io.opentelemetry:opentelemetry-exporter-logging:jar:1.5.0:compile
475871799 io.opentelemetry:opentelemetry-sdk-metrics:jar:1.5.0-alpha:compile
2117938877 io.opentelemetry:opentelemetry-sdk-common:jar:1.5.0:compile
725873428 io.opentelemetry:opentelemetry-sdk-extension-autoconfigure:jar:1.5.0-alpha:compile
977952572 io.opentelemetry:opentelemetry-sdk-trace:jar:1.5.0:compile
1328764608 io.opentelemetry:opentelemetry-api-metrics:jar:1.5.0-alpha:compile
1483522397 io.opentelemetry:opentelemetry-sdk:jar:1.5.0:compile
1820545559 io.opentelemetry:opentelemetry-semconv:jar:1.5.0-alpha:compile
72893188 io.ous:jtoml:jar:2.0.0:compile
1367900185 org.apache.commons:commons-exec:jar:1.3:compile
1867568476 org.asynchttpclient:async-http-client:jar:2.12.3:compile
431300939 org.asynchttpclient:async-http-client-netty-utils:jar:2.12.3:compile
1605570842 io.netty:netty-codec-socks:jar:4.1.39.Final:compile
1252969149 io.netty:netty-handler-proxy:jar:4.1.39.Final:compile
599592065 io.netty:netty-transport-native-epoll:jar:linux-x86_64:4.1.39.Final:compile
322100932 io.netty:netty-transport-native-kqueue:jar:osx-x86_64:4.1.39.Final:compile
1414411897 org.reactivestreams:reactive-streams:jar:1.0.3:compile
1753871727 com.typesafe.netty:netty-reactive-streams:jar:2.0.4:compile
588985851 com.sun.activation:jakarta.activation:jar:1.2.2:compile
651828130 org.seleniumhq.selenium:selenium-http:jar:4.0.0-rc-2:compile
58854654 org.seleniumhq.selenium:selenium-safari-driver:jar:4.0.0-rc-2:compile
604480364 org.seleniumhq.selenium:selenium-support:jar:4.0.0-rc-2:compile
1590292218 org.apache.tika:tika-core:jar:1.18:compile
683211146 org.json:json:jar:20220320:compile
995030431 org.springframework.boot:spring-boot-devtools:jar:2.1.8.RELEASE:compile (optional) 
#
1829651877 2121744549 compile
627815870 1609501721 compile
627815870 778925754 compile
627815870 581359452 compile
1829651877 627815870 compile
1519927539 2100297853 compile
1829651877 1519927539 compile
942502343 749030825 compile
942502343 883035926 compile
1829651877 942502343 compile
1657521272 1829651877 compile
1231864343 438051252 compile
1231864343 483589979 compile
1231864343 950831464 compile
402622480 1821711066 compile
1231864343 402622480 compile
1231864343 1739986996 compile
1657521272 1231864343 compile
990722659 1348045338 compile
990722659 350099713 compile
1657521272 990722659 compile
1132385302 301084728 compile
1132385302 233271622 compile
1132385302 1763010538 compile
1657521272 1132385302 compile
1560203450 1552767213 compile
1657521272 1560203450 compile
683573228 40829249 compile
1784053627 683573228 compile
873688017 1843885967 compile
873688017 914175168 compile
1784053627 873688017 compile
1784053627 1289903687 compile
1669392873 890085657 compile
1784053627 1669392873 compile
1778993228 885465900 compile
1778993228 1357663228 compile
1778993228 145833361 compile
1778993228 677007331 compile
1778993228 629790599 compile
1778993228 394840929 compile
1778993228 383005108 compile
1784053627 1778993228 compile
1812681178 123045427 compile
1812681178 1448580731 compile
1812681178 1631143060 compile
1784053627 1812681178 compile
1784053627 1468685544 compile
1657521272 1784053627 compile
2084912180 382441865 compile
1040015904 940905579 compile
1040015904 1843674049 compile
1040015904 665448485 compile
2084912180 1040015904 compile
1657521272 2084912180 compile
1905486482 1630903943 compile
1905486482 767794003 compile
1905486482 1157856790 compile
1657521272 1905486482 compile
1646410010 1401564942 compile
791563230 1646410010 compile
220661927 1351275110 compile
220661927 588503940 compile
791563230 220661927 compile
1657521272 791563230 compile
347354124 313249054 compile
560165559 347354124 compile
560165559 802814772 compile
560165559 362140338 compile
560165559 540315736 compile
1657521272 560165559 compile
1657521272 1824225917 compile
1657521272 215694469 compile
929066990 869437194 compile
1657521272 929066990 compile
1657521272 76379039 compile
1657521272 1374115999 compile
1657521272 1707889234 compile
1119955774 767535474 compile
1657521272 1119955774 compile
1190608890 1101970356 compile
1190608890 184410212 compile
1515793520 623820846 compile
1190608890 1515793520 compile
1657521272 1190608890 compile
1962049725 1734023423 compile
1962049725 875010954 compile
140778365 935818862 compile
140778365 1068781783 compile
140778365 1266602046 compile
1752402342 140778365 compile
1962049725 1752402342 compile
1962049725 1667859935 compile
300526628 1962049725 compile
300526628 1871838170 compile
1657521272 300526628 compile
1657521272 1916681239 compile
1341975886 1620368915 compile
1341975886 12302064 compile
1657521272 1341975886 compile
1657521272 65465460 compile
1657521272 735639515 compile
1836765429 816576412 compile
1836765429 77215921 runtime
1836765429 1745904086 compile
1836765429 1406593369 compile
1836765429 1018094504 compile
38914319 1713988669 runtime
768702707 1684368286 compile
38914319 768702707 runtime
1772358460 38914319 runtime
1836765429 1772358460 runtime
1675999402 747833043 runtime
1675999402 1114681666 runtime
1163216403 1675999402 runtime
1163216403 771359425 runtime
1752223660 1163216403 runtime
1752223660 1662312252 runtime
1752223660 1468393491 runtime
1752223660 280541440 runtime
1836765429 1752223660 runtime
1657521272 1836765429 compile
1657521272 1831423452 compile
671187578 1354510873 test
671187578 93974967 test
936544568 2097992252 test
105860882 936544568 test
578362229 105860882 test
671187578 578362229 test
671187578 398777435 test
1796154990 1211627902 test
1796154990 1395740534 test
671187578 1796154990 test
671187578 1655072591 test
671187578 1887965475 test
671187578 117701189 test
671187578 1586519852 test
671187578 266196910 test
1657521272 671187578 test
1657521272 1064095359 compile
1657521272 656787973 test
445726857 1138190994 compile
2073069810 445726857 compile
2073069810 1244394767 compile
2073069810 889398176 runtime
2073069810 621197441 compile
2073069810 1568527689 compile
1657521272 2073069810 compile
1657521272 1215025252 compile
1683617002 1946917456 compile
1198513669 1360125564 compile
2059701776 1379222018 compile
1198513669 2059701776 compile
1796415927 875487383 compile
1796415927 1791253516 compile
1796415927 303638020 compile
1796415927 1618326377 compile
1796415927 589094312 compile
1796415927 1802555899 compile
1198513669 1796415927 compile
1198513669 805495703 compile
1198513669 2107760645 compile
1683617002 1198513669 compile
1683617002 940938116 compile
1683617002 1434940020 compile
1683617002 1916677384 compile
1683617002 7162498 compile
1683617002 351297720 compile
1683617002 2047521920 compile
1683617002 2044690596 compile
1683617002 319618119 compile
82750270 728740247 compile
82750270 783339262 compile
1512759723 736888459 compile
1512759723 2103044456 compile
82750270 1512759723 compile
82750270 1429610243 compile
82750270 1478269879 compile
82750270 328140385 compile
82750270 556773329 compile
1149526768 2021230836 compile
82750270 1149526768 compile
82750270 321795476 compile
82750270 1327714567 compile
685193713 475871799 compile
82750270 685193713 compile
82750270 2117938877 compile
82750270 725873428 compile
977952572 1328764608 compile
82750270 977952572 compile
82750270 1483522397 compile
82750270 1820545559 compile
82750270 72893188 compile
82750270 1367900185 compile
1867568476 431300939 compile
1867568476 1605570842 compile
1867568476 1252969149 compile
1867568476 599592065 compile
1867568476 322100932 compile
1867568476 1414411897 compile
1867568476 1753871727 compile
1867568476 588985851 compile
82750270 1867568476 compile
82750270 651828130 compile
1683617002 82750270 compile
1683617002 58854654 compile
1683617002 604480364 compile
1657521272 1683617002 compile
1657521272 1590292218 compile
1657521272 683211146 compile
1657521272 995030431 compile
